<?xml version="1.0" encoding="utf-8"?>
<Project ToolsVersion="4.0" xmlns="http://schemas.microsoft.com/developer/msbuild/2003">
  <ItemGroup>
    <ClCompile Include="..\app\src\main\cpp\game.cpp" />
    <ClCompile Include="..\app\src\main\cpp\template.cpp">
      <Filter>template code</Filter>
    </ClCompile>
    <ClCompile Include="..\app\src\lib\soloud\src\audiosource\monotone\soloud_monotone.cpp">
      <Filter>template code\soloud</Filter>
    </ClCompile>
    <ClCompile Include="..\app\src\lib\soloud\src\audiosource\noise\soloud_noise.cpp">
      <Filter>template code\soloud</Filter>
    </ClCompile>
    <ClCompile Include="..\app\src\lib\soloud\src\audiosource\openmpt\soloud_openmpt.cpp">
      <Filter>template code\soloud</Filter>
    </ClCompile>
    <ClCompile Include="..\app\src\lib\soloud\src\audiosource\openmpt\soloud_openmpt_dll.c">
      <Filter>template code\soloud</Filter>
    </ClCompile>
    <ClCompile Include="..\app\src\lib\soloud\src\audiosource\sfxr\soloud_sfxr.cpp">
      <Filter>template code\soloud</Filter>
    </ClCompile>
    <ClCompile Include="..\app\src\lib\soloud\src\audiosource\speech\darray.cpp">
      <Filter>template code\soloud</Filter>
    </ClCompile>
    <ClCompile Include="..\app\src\lib\soloud\src\audiosource\speech\klatt.cpp">
      <Filter>template code\soloud</Filter>
    </ClCompile>
    <ClCompile Include="..\app\src\lib\soloud\src\audiosource\speech\resonator.cpp">
      <Filter>template code\soloud</Filter>
    </ClCompile>
    <ClCompile Include="..\app\src\lib\soloud\src\audiosource\speech\soloud_speech.cpp">
      <Filter>template code\soloud</Filter>
    </ClCompile>
    <ClCompile Include="..\app\src\lib\soloud\src\audiosource\speech\tts.cpp">
      <Filter>template code\soloud</Filter>
    </ClCompile>
    <ClCompile Include="..\app\src\lib\soloud\src\audiosource\tedsid\sid.cpp">
      <Filter>template code\soloud</Filter>
    </ClCompile>
    <ClCompile Include="..\app\src\lib\soloud\src\audiosource\tedsid\soloud_tedsid.cpp">
      <Filter>template code\soloud</Filter>
    </ClCompile>
    <ClCompile Include="..\app\src\lib\soloud\src\audiosource\tedsid\ted.cpp">
      <Filter>template code\soloud</Filter>
    </ClCompile>
    <ClCompile Include="..\app\src\lib\soloud\src\audiosource\vic\soloud_vic.cpp">
      <Filter>template code\soloud</Filter>
    </ClCompile>
    <ClCompile Include="..\app\src\lib\soloud\src\audiosource\vizsn\soloud_vizsn.cpp">
      <Filter>template code\soloud</Filter>
    </ClCompile>
    <ClCompile Include="..\app\src\lib\soloud\src\audiosource\wav\dr_impl.cpp">
      <Filter>template code\soloud</Filter>
    </ClCompile>
    <ClCompile Include="..\app\src\lib\soloud\src\audiosource\wav\soloud_wav.cpp">
      <Filter>template code\soloud</Filter>
    </ClCompile>
    <ClCompile Include="..\app\src\lib\soloud\src\audiosource\wav\soloud_wavstream.cpp">
      <Filter>template code\soloud</Filter>
    </ClCompile>
    <ClCompile Include="..\app\src\lib\soloud\src\audiosource\wav\stb_vorbis.c">
      <Filter>template code\soloud</Filter>
    </ClCompile>
    <ClCompile Include="..\app\src\lib\soloud\src\backend\alsa\soloud_alsa.cpp">
      <Filter>template code\soloud</Filter>
    </ClCompile>
    <ClCompile Include="..\app\src\lib\soloud\src\backend\coreaudio\soloud_coreaudio.cpp">
      <Filter>template code\soloud</Filter>
    </ClCompile>
    <ClCompile Include="..\app\src\lib\soloud\src\backend\jack\soloud_jack.cpp">
      <Filter>template code\soloud</Filter>
    </ClCompile>
    <ClCompile Include="..\app\src\lib\soloud\src\backend\miniaudio\soloud_miniaudio.cpp">
      <Filter>template code\soloud</Filter>
    </ClCompile>
    <ClCompile Include="..\app\src\lib\soloud\src\backend\nosound\soloud_nosound.cpp">
      <Filter>template code\soloud</Filter>
    </ClCompile>
    <ClCompile Include="..\app\src\lib\soloud\src\backend\null\soloud_null.cpp">
      <Filter>template code\soloud</Filter>
    </ClCompile>
    <ClCompile Include="..\app\src\lib\soloud\src\backend\openal\soloud_openal.cpp">
      <Filter>template code\soloud</Filter>
    </ClCompile>
    <ClCompile Include="..\app\src\lib\soloud\src\backend\openal\soloud_openal_dll.c">
      <Filter>template code\soloud</Filter>
    </ClCompile>
    <ClCompile Include="..\app\src\lib\soloud\src\backend\opensles\soloud_opensles.cpp">
      <Filter>template code\soloud</Filter>
    </ClCompile>
    <ClCompile Include="..\app\src\lib\soloud\src\backend\oss\soloud_oss.cpp">
      <Filter>template code\soloud</Filter>
    </ClCompile>
    <ClCompile Include="..\app\src\lib\soloud\src\backend\portaudio\soloud_portaudio.cpp">
      <Filter>template code\soloud</Filter>
    </ClCompile>
    <ClCompile Include="..\app\src\lib\soloud\src\backend\portaudio\soloud_portaudio_dll.c">
      <Filter>template code\soloud</Filter>
    </ClCompile>
    <ClCompile Include="..\app\src\lib\soloud\src\backend\wasapi\soloud_wasapi.cpp">
      <Filter>template code\soloud</Filter>
    </ClCompile>
    <ClCompile Include="..\app\src\lib\soloud\src\backend\winmm\soloud_winmm.cpp">
      <Filter>template code\soloud</Filter>
    </ClCompile>
    <ClCompile Include="..\app\src\lib\soloud\src\backend\xaudio2\soloud_xaudio2.cpp">
      <Filter>template code\soloud</Filter>
    </ClCompile>
    <ClCompile Include="..\app\src\lib\soloud\src\c_api\soloud_c.cpp">
      <Filter>template code\soloud</Filter>
    </ClCompile>
    <ClCompile Include="..\app\src\lib\soloud\src\core\soloud.cpp">
      <Filter>template code\soloud</Filter>
    </ClCompile>
    <ClCompile Include="..\app\src\lib\soloud\src\core\soloud_audiosource.cpp">
      <Filter>template code\soloud</Filter>
    </ClCompile>
    <ClCompile Include="..\app\src\lib\soloud\src\core\soloud_bus.cpp">
      <Filter>template code\soloud</Filter>
    </ClCompile>
    <ClCompile Include="..\app\src\lib\soloud\src\core\soloud_core_3d.cpp">
      <Filter>template code\soloud</Filter>
    </ClCompile>
    <ClCompile Include="..\app\src\lib\soloud\src\core\soloud_core_basicops.cpp">
      <Filter>template code\soloud</Filter>
    </ClCompile>
    <ClCompile Include="..\app\src\lib\soloud\src\core\soloud_core_faderops.cpp">
      <Filter>template code\soloud</Filter>
    </ClCompile>
    <ClCompile Include="..\app\src\lib\soloud\src\core\soloud_core_filterops.cpp">
      <Filter>template code\soloud</Filter>
    </ClCompile>
    <ClCompile Include="..\app\src\lib\soloud\src\core\soloud_core_getters.cpp">
      <Filter>template code\soloud</Filter>
    </ClCompile>
    <ClCompile Include="..\app\src\lib\soloud\src\core\soloud_core_setters.cpp">
      <Filter>template code\soloud</Filter>
    </ClCompile>
    <ClCompile Include="..\app\src\lib\soloud\src\core\soloud_core_voicegroup.cpp">
      <Filter>template code\soloud</Filter>
    </ClCompile>
    <ClCompile Include="..\app\src\lib\soloud\src\core\soloud_core_voiceops.cpp">
      <Filter>template code\soloud</Filter>
    </ClCompile>
    <ClCompile Include="..\app\src\lib\soloud\src\core\soloud_fader.cpp">
      <Filter>template code\soloud</Filter>
    </ClCompile>
    <ClCompile Include="..\app\src\lib\soloud\src\core\soloud_fft.cpp">
      <Filter>template code\soloud</Filter>
    </ClCompile>
    <ClCompile Include="..\app\src\lib\soloud\src\core\soloud_fft_lut.cpp">
      <Filter>template code\soloud</Filter>
    </ClCompile>
    <ClCompile Include="..\app\src\lib\soloud\src\core\soloud_file.cpp">
      <Filter>template code\soloud</Filter>
    </ClCompile>
    <ClCompile Include="..\app\src\lib\soloud\src\core\soloud_filter.cpp">
      <Filter>template code\soloud</Filter>
    </ClCompile>
    <ClCompile Include="..\app\src\lib\soloud\src\core\soloud_misc.cpp">
      <Filter>template code\soloud</Filter>
    </ClCompile>
    <ClCompile Include="..\app\src\lib\soloud\src\core\soloud_queue.cpp">
      <Filter>template code\soloud</Filter>
    </ClCompile>
    <ClCompile Include="..\app\src\lib\soloud\src\core\soloud_thread.cpp">
      <Filter>template code\soloud</Filter>
    </ClCompile>
    <ClCompile Include="..\app\src\lib\soloud\src\filter\soloud_bassboostfilter.cpp">
      <Filter>template code\soloud</Filter>
    </ClCompile>
    <ClCompile Include="..\app\src\lib\soloud\src\filter\soloud_biquadresonantfilter.cpp">
      <Filter>template code\soloud</Filter>
    </ClCompile>
    <ClCompile Include="..\app\src\lib\soloud\src\filter\soloud_dcremovalfilter.cpp">
      <Filter>template code\soloud</Filter>
    </ClCompile>
    <ClCompile Include="..\app\src\lib\soloud\src\filter\soloud_echofilter.cpp">
      <Filter>template code\soloud</Filter>
    </ClCompile>
    <ClCompile Include="..\app\src\lib\soloud\src\filter\soloud_fftfilter.cpp">
      <Filter>template code\soloud</Filter>
    </ClCompile>
    <ClCompile Include="..\app\src\lib\soloud\src\filter\soloud_flangerfilter.cpp">
      <Filter>template code\soloud</Filter>
    </ClCompile>
    <ClCompile Include="..\app\src\lib\soloud\src\filter\soloud_freeverbfilter.cpp">
      <Filter>template code\soloud</Filter>
    </ClCompile>
    <ClCompile Include="..\app\src\lib\soloud\src\filter\soloud_lofifilter.cpp">
      <Filter>template code\soloud</Filter>
    </ClCompile>
    <ClCompile Include="..\app\src\lib\soloud\src\filter\soloud_robotizefilter.cpp">
      <Filter>template code\soloud</Filter>
    </ClCompile>
    <ClCompile Include="..\app\src\lib\soloud\src\filter\soloud_waveshaperfilter.cpp">
      <Filter>template code\soloud</Filter>
    </ClCompile>
    <ClCompile Include="..\app\src\main\cpp\surface.cpp">
      <Filter>template code</Filter>
    </ClCompile>
    <ClCompile Include="..\app\src\lib\7zip\7zAlloc.c">
      <Filter>template code\7zip</Filter>
    </ClCompile>
    <ClCompile Include="..\app\src\lib\7zip\7zArcIn.c">
      <Filter>template code\7zip</Filter>
    </ClCompile>
    <ClCompile Include="..\app\src\lib\7zip\7zBuf.c">
      <Filter>template code\7zip</Filter>
    </ClCompile>
    <ClCompile Include="..\app\src\lib\7zip\7zBuf2.c">
      <Filter>template code\7zip</Filter>
    </ClCompile>
    <ClCompile Include="..\app\src\lib\7zip\7zCrc.c">
      <Filter>template code\7zip</Filter>
    </ClCompile>
    <ClCompile Include="..\app\src\lib\7zip\7zCrcOpt.c">
      <Filter>template code\7zip</Filter>
    </ClCompile>
    <ClCompile Include="..\app\src\lib\7zip\7zDec.c">
      <Filter>template code\7zip</Filter>
    </ClCompile>
    <ClCompile Include="..\app\src\lib\7zip\7zFile.c">
      <Filter>template code\7zip</Filter>
    </ClCompile>
    <ClCompile Include="..\app\src\lib\7zip\7zStream.c">
      <Filter>template code\7zip</Filter>
    </ClCompile>
    <ClCompile Include="..\app\src\lib\7zip\Aes.c">
      <Filter>template code\7zip</Filter>
    </ClCompile>
    <ClCompile Include="..\app\src\lib\7zip\AesOpt.c">
      <Filter>template code\7zip</Filter>
    </ClCompile>
    <ClCompile Include="..\app\src\lib\7zip\Alloc.c">
      <Filter>template code\7zip</Filter>
    </ClCompile>
    <ClCompile Include="..\app\src\lib\7zip\Bcj2.c">
      <Filter>template code\7zip</Filter>
    </ClCompile>
    <ClCompile Include="..\app\src\lib\7zip\Bcj2Enc.c">
      <Filter>template code\7zip</Filter>
    </ClCompile>
    <ClCompile Include="..\app\src\lib\7zip\Bra.c">
      <Filter>template code\7zip</Filter>
    </ClCompile>
    <ClCompile Include="..\app\src\lib\7zip\Bra86.c">
      <Filter>template code\7zip</Filter>
    </ClCompile>
    <ClCompile Include="..\app\src\lib\7zip\BraIA64.c">
      <Filter>template code\7zip</Filter>
    </ClCompile>
    <ClCompile Include="..\app\src\lib\7zip\CpuArch.c">
      <Filter>template code\7zip</Filter>
    </ClCompile>
    <ClCompile Include="..\app\src\lib\7zip\Delta.c">
      <Filter>template code\7zip</Filter>
    </ClCompile>
    <ClCompile Include="..\app\src\lib\7zip\DllSecur.c">
      <Filter>template code\7zip</Filter>
    </ClCompile>
    <ClCompile Include="..\app\src\lib\7zip\LzFind.c">
      <Filter>template code\7zip</Filter>
    </ClCompile>
    <ClCompile Include="..\app\src\lib\7zip\LzFindMt.c">
      <Filter>template code\7zip</Filter>
    </ClCompile>
    <ClCompile Include="..\app\src\lib\7zip\Lzma2Dec.c">
      <Filter>template code\7zip</Filter>
    </ClCompile>
    <ClCompile Include="..\app\src\lib\7zip\Lzma2DecMt.c">
      <Filter>template code\7zip</Filter>
    </ClCompile>
    <ClCompile Include="..\app\src\lib\7zip\Lzma2Enc.c">
      <Filter>template code\7zip</Filter>
    </ClCompile>
    <ClCompile Include="..\app\src\lib\7zip\Lzma86Dec.c">
      <Filter>template code\7zip</Filter>
    </ClCompile>
    <ClCompile Include="..\app\src\lib\7zip\Lzma86Enc.c">
      <Filter>template code\7zip</Filter>
    </ClCompile>
    <ClCompile Include="..\app\src\lib\7zip\LzmaDec.c">
      <Filter>template code\7zip</Filter>
    </ClCompile>
    <ClCompile Include="..\app\src\lib\7zip\LzmaEnc.c">
      <Filter>template code\7zip</Filter>
    </ClCompile>
    <ClCompile Include="..\app\src\lib\7zip\LzmaLib.c">
      <Filter>template code\7zip</Filter>
    </ClCompile>
    <ClCompile Include="..\app\src\lib\7zip\MtCoder.c">
      <Filter>template code\7zip</Filter>
    </ClCompile>
    <ClCompile Include="..\app\src\lib\7zip\MtDec.c">
      <Filter>template code\7zip</Filter>
    </ClCompile>
    <ClCompile Include="..\app\src\lib\7zip\Ppmd7.c">
      <Filter>template code\7zip</Filter>
    </ClCompile>
    <ClCompile Include="..\app\src\lib\7zip\Ppmd7Dec.c">
      <Filter>template code\7zip</Filter>
    </ClCompile>
    <ClCompile Include="..\app\src\lib\7zip\Ppmd7Enc.c">
      <Filter>template code\7zip</Filter>
    </ClCompile>
    <ClCompile Include="..\app\src\lib\7zip\Sha256.c">
      <Filter>template code\7zip</Filter>
    </ClCompile>
    <ClCompile Include="..\app\src\lib\7zip\Sort.c">
      <Filter>template code\7zip</Filter>
    </ClCompile>
    <ClCompile Include="..\app\src\lib\7zip\Threads.c">
      <Filter>template code\7zip</Filter>
    </ClCompile>
    <ClCompile Include="..\app\src\lib\7zip\Xz.c">
      <Filter>template code\7zip</Filter>
    </ClCompile>
    <ClCompile Include="..\app\src\lib\7zip\XzCrc64.c">
      <Filter>template code\7zip</Filter>
    </ClCompile>
    <ClCompile Include="..\app\src\lib\7zip\XzCrc64Opt.c">
      <Filter>template code\7zip</Filter>
    </ClCompile>
    <ClCompile Include="..\app\src\lib\7zip\XzDec.c">
      <Filter>template code\7zip</Filter>
    </ClCompile>
    <ClCompile Include="..\app\src\lib\7zip\XzEnc.c">
      <Filter>template code\7zip</Filter>
    </ClCompile>
    <ClCompile Include="..\app\src\lib\7zip\XzIn.c">
      <Filter>template code\7zip</Filter>
    </ClCompile>
    <ClCompile Include="..\app\src\lib\ujpg\ujpeg.c">
      <Filter>template code\ujpg</Filter>
    </ClCompile>
    <ClCompile Include="..\app\src\lib\toojpg\toojpeg.cpp">
      <Filter>template code\toojpg</Filter>
    </ClCompile>
    <ClCompile Include="..\app\src\lib\zlib\adler32.c">
      <Filter>template code\zlib</Filter>
    </ClCompile>
    <ClCompile Include="..\app\src\lib\zlib\compress.c">
      <Filter>template code\zlib</Filter>
    </ClCompile>
    <ClCompile Include="..\app\src\lib\zlib\crc32.c">
      <Filter>template code\zlib</Filter>
    </ClCompile>
    <ClCompile Include="..\app\src\lib\zlib\deflate.c">
      <Filter>template code\zlib</Filter>
    </ClCompile>
    <ClCompile Include="..\app\src\lib\zlib\gzclose.c">
      <Filter>template code\zlib</Filter>
    </ClCompile>
    <ClCompile Include="..\app\src\lib\zlib\gzlib.c">
      <Filter>template code\zlib</Filter>
    </ClCompile>
    <ClCompile Include="..\app\src\lib\zlib\gzread.c">
      <Filter>template code\zlib</Filter>
    </ClCompile>
    <ClCompile Include="..\app\src\lib\zlib\gzwrite.c">
      <Filter>template code\zlib</Filter>
    </ClCompile>
    <ClCompile Include="..\app\src\lib\zlib\infback.c">
      <Filter>template code\zlib</Filter>
    </ClCompile>
    <ClCompile Include="..\app\src\lib\zlib\inffast.c">
      <Filter>template code\zlib</Filter>
    </ClCompile>
    <ClCompile Include="..\app\src\lib\zlib\inflate.c">
      <Filter>template code\zlib</Filter>
    </ClCompile>
    <ClCompile Include="..\app\src\lib\zlib\inftrees.c">
      <Filter>template code\zlib</Filter>
    </ClCompile>
    <ClCompile Include="..\app\src\lib\zlib\trees.c">
      <Filter>template code\zlib</Filter>
    </ClCompile>
    <ClCompile Include="..\app\src\lib\zlib\uncompr.c">
      <Filter>template code\zlib</Filter>
    </ClCompile>
    <ClCompile Include="..\app\src\lib\zlib\zutil.c">
      <Filter>template code\zlib</Filter>
    </ClCompile>
  </ItemGroup>
  <ItemGroup>
    <ClInclude Include="..\app\src\main\cpp\game.h" />
    <ClInclude Include="..\app\src\main\cpp\template.h">
      <Filter>template code</Filter>
    </ClInclude>
    <ClInclude Include="..\app\src\main\cpp\surface.h">
      <Filter>template code</Filter>
    </ClInclude>
  </ItemGroup>
  <ItemGroup>
    <Filter Include="template code">
      <UniqueIdentifier>{bf32dd6e-4be7-4889-8ac6-49e7ee163c40}</UniqueIdentifier>
    </Filter>
    <Filter Include="template code\soloud">
      <UniqueIdentifier>{fffa2901-1398-482b-8351-45c3e8a72d18}</UniqueIdentifier>
    </Filter>
    <Filter Include="template code\zlib">
      <UniqueIdentifier>{38410bb0-531a-4996-809b-d880d461f971}</UniqueIdentifier>
    </Filter>
    <Filter Include="template code\7zip">
      <UniqueIdentifier>{e3bb9117-a96e-4c2d-bc3b-592f885c5233}</UniqueIdentifier>
    </Filter>
    <Filter Include="template code\toojpg">
      <UniqueIdentifier>{c1114db5-73f8-4b91-a145-0924eb115f09}</UniqueIdentifier>
    </Filter>
    <Filter Include="template code\ujpg">
      <UniqueIdentifier>{dd644d39-5df1-4feb-9352-d8b51cfe2720}</UniqueIdentifier>
    </Filter>
  </ItemGroup>
</Project>